
Microsoft Visual Studio Solution File, Format Version 12.00
# Visual Studio 15
VisualStudioVersion = 15.0.27130.2027
MinimumVisualStudioVersion = 10.0.40219.1
Project("{8BC9CEB8-8B4A-11D0-8D11-00A0C91BC942}") = "Aud03", "Aud03\Aud03.vcxproj", "{9B251EE8-E0BD-45F3-AF5E-4AE982D5F784}"
EndProject
Global
	GlobalSection(SolutionConfigurationPlatforms) = preSolution
		Debug|x64 = Debug|x64
		Debug|x86 = Debug|x86
		Release|x64 = Release|x64
		Release|x86 = Release|x86
	EndGlobalSection
	GlobalSection(ProjectConfigurationPlatforms) = postSolution
		{9B251EE8-E0BD-45F3-AF5E-4AE982D5F784}.Debug|x64.ActiveCfg = Debug|x64
		{9B251EE8-E0BD-45F3-AF5E-4AE982D5F784}.Debug|x64.Build.0 = Debug|x64
		{9B251EE8-E0BD-45F3-AF5E-4AE982D5F784}.Debug|x86.ActiveCfg = Debug|Win32
		{9B251EE8-E0BD-45F3-AF5E-4AE982D5F784}.Debug|x86.Build.0 = Debug|Win32
		{9B251EE8-E0BD-45F3-AF5E-4AE982D5F784}.Release|x64.ActiveCfg = Release|x64
		{9B251EE8-E0BD-45F3-AF5E-4AE982D5F784}.Release|x64.Build.0 = Release|x64
		{9B251EE8-E0BD-45F3-AF5E-4AE982D5F784}.Release|x86.ActiveCfg = Release|Win32
		{9B251EE8-E0BD-45F3-AF5E-4AE982D5F784}.Release|x86.Build.0 = Release|Win32
	EndGlobalSection
	GlobalSection(SolutionProperties) = preSolution
		HideSolutionNode = FALSE
	EndGlobalSection
	GlobalSection(ExtensibilityGlobals) = postSolution
		SolutionGuid = {03B1435D-DFFD-4541-AE0F-61E5C881A054}
	EndGlobalSection
EndGlobal
