
Microsoft Visual Studio Solution File, Format Version 12.00
# Visual Studio 15
VisualStudioVersion = 15.0.27130.2027
MinimumVisualStudioVersion = 10.0.40219.1
Project("{8BC9CEB8-8B4A-11D0-8D11-00A0C91BC942}") = "Lab03", "Lab03\Lab03.vcxproj", "{F02C8D71-A4CC-43F4-8BBA-B8F9CB78A9DB}"
EndProject
Project("{8BC9CEB8-8B4A-11D0-8D11-00A0C91BC942}") = "Lab03.2", "Lab03.2\Lab03.2.vcxproj", "{F36E4EA0-64AE-4A83-BCDD-B06ED5B2FD68}"
EndProject
Global
	GlobalSection(SolutionConfigurationPlatforms) = preSolution
		Debug|x64 = Debug|x64
		Debug|x86 = Debug|x86
		Release|x64 = Release|x64
		Release|x86 = Release|x86
	EndGlobalSection
	GlobalSection(ProjectConfigurationPlatforms) = postSolution
		{F02C8D71-A4CC-43F4-8BBA-B8F9CB78A9DB}.Debug|x64.ActiveCfg = Debug|x64
		{F02C8D71-A4CC-43F4-8BBA-B8F9CB78A9DB}.Debug|x64.Build.0 = Debug|x64
		{F02C8D71-A4CC-43F4-8BBA-B8F9CB78A9DB}.Debug|x86.ActiveCfg = Debug|Win32
		{F02C8D71-A4CC-43F4-8BBA-B8F9CB78A9DB}.Debug|x86.Build.0 = Debug|Win32
		{F02C8D71-A4CC-43F4-8BBA-B8F9CB78A9DB}.Release|x64.ActiveCfg = Release|x64
		{F02C8D71-A4CC-43F4-8BBA-B8F9CB78A9DB}.Release|x64.Build.0 = Release|x64
		{F02C8D71-A4CC-43F4-8BBA-B8F9CB78A9DB}.Release|x86.ActiveCfg = Release|Win32
		{F02C8D71-A4CC-43F4-8BBA-B8F9CB78A9DB}.Release|x86.Build.0 = Release|Win32
		{F36E4EA0-64AE-4A83-BCDD-B06ED5B2FD68}.Debug|x64.ActiveCfg = Debug|x64
		{F36E4EA0-64AE-4A83-BCDD-B06ED5B2FD68}.Debug|x64.Build.0 = Debug|x64
		{F36E4EA0-64AE-4A83-BCDD-B06ED5B2FD68}.Debug|x86.ActiveCfg = Debug|Win32
		{F36E4EA0-64AE-4A83-BCDD-B06ED5B2FD68}.Debug|x86.Build.0 = Debug|Win32
		{F36E4EA0-64AE-4A83-BCDD-B06ED5B2FD68}.Release|x64.ActiveCfg = Release|x64
		{F36E4EA0-64AE-4A83-BCDD-B06ED5B2FD68}.Release|x64.Build.0 = Release|x64
		{F36E4EA0-64AE-4A83-BCDD-B06ED5B2FD68}.Release|x86.ActiveCfg = Release|Win32
		{F36E4EA0-64AE-4A83-BCDD-B06ED5B2FD68}.Release|x86.Build.0 = Release|Win32
	EndGlobalSection
	GlobalSection(SolutionProperties) = preSolution
		HideSolutionNode = FALSE
	EndGlobalSection
	GlobalSection(ExtensibilityGlobals) = postSolution
		SolutionGuid = {E73280EE-7ED7-441C-904E-99ACF240EC71}
	EndGlobalSection
EndGlobal
